
Microsoft Visual Studio Solution File, Format Version 12.00
# Visual Studio Version 16
VisualStudioVersion = 16.0.31729.503
MinimumVisualStudioVersion = 10.0.40219.1
Project("{FAE04EC0-301F-11D3-BF4B-00C04F79EFBC}") = "WebAPIExcercise2", "WebAPIExcercise2\WebAPIExcercise2.csproj", "{28EDE671-0229-409A-B9DC-79D6159E107D}"
EndProject
Global
	GlobalSection(SolutionConfigurationPlatforms) = preSolution
		Debug|Any CPU = Debug|Any CPU
		Release|Any CPU = Release|Any CPU
	EndGlobalSection
	GlobalSection(ProjectConfigurationPlatforms) = postSolution
		{28EDE671-0229-409A-B9DC-79D6159E107D}.Debug|Any CPU.ActiveCfg = Debug|Any CPU
		{28EDE671-0229-409A-B9DC-79D6159E107D}.Debug|Any CPU.Build.0 = Debug|Any CPU
		{28EDE671-0229-409A-B9DC-79D6159E107D}.Release|Any CPU.ActiveCfg = Release|Any CPU
		{28EDE671-0229-409A-B9DC-79D6159E107D}.Release|Any CPU.Build.0 = Release|Any CPU
	EndGlobalSection
	GlobalSection(SolutionProperties) = preSolution
		HideSolutionNode = FALSE
	EndGlobalSection
	GlobalSection(ExtensibilityGlobals) = postSolution
		SolutionGuid = {09D0CD82-C4C6-4FAC-9B3C-DC919EFF07AF}
	EndGlobalSection
EndGlobal
