
Microsoft Visual Studio Solution File, Format Version 12.00
# Visual Studio Version 16
VisualStudioVersion = 16.0.31729.503
MinimumVisualStudioVersion = 10.0.40219.1
Project("{FAE04EC0-301F-11D3-BF4B-00C04F79EFBC}") = "CricketTeams", "CricketTeams\CricketTeams.csproj", "{355F4C31-990C-4724-89A6-C2FF96F71602}"
EndProject
Global
	GlobalSection(SolutionConfigurationPlatforms) = preSolution
		Debug|Any CPU = Debug|Any CPU
		Release|Any CPU = Release|Any CPU
	EndGlobalSection
	GlobalSection(ProjectConfigurationPlatforms) = postSolution
		{355F4C31-990C-4724-89A6-C2FF96F71602}.Debug|Any CPU.ActiveCfg = Debug|Any CPU
		{355F4C31-990C-4724-89A6-C2FF96F71602}.Debug|Any CPU.Build.0 = Debug|Any CPU
		{355F4C31-990C-4724-89A6-C2FF96F71602}.Release|Any CPU.ActiveCfg = Release|Any CPU
		{355F4C31-990C-4724-89A6-C2FF96F71602}.Release|Any CPU.Build.0 = Release|Any CPU
	EndGlobalSection
	GlobalSection(SolutionProperties) = preSolution
		HideSolutionNode = FALSE
	EndGlobalSection
	GlobalSection(ExtensibilityGlobals) = postSolution
		SolutionGuid = {1997DD67-8A92-48E9-8636-F74F52FD3243}
	EndGlobalSection
EndGlobal
