
Microsoft Visual Studio Solution File, Format Version 12.00
# Visual Studio Version 16
VisualStudioVersion = 16.0.31702.278
MinimumVisualStudioVersion = 10.0.40219.1
Project("{FAE04EC0-301F-11D3-BF4B-00C04F79EFBC}") = "SQLProc", "SQLProc\SQLProc.csproj", "{5620D78E-34ED-48AE-B760-E0EAA945AF0D}"
EndProject
Global
	GlobalSection(SolutionConfigurationPlatforms) = preSolution
		Debug|Any CPU = Debug|Any CPU
		Release|Any CPU = Release|Any CPU
	EndGlobalSection
	GlobalSection(ProjectConfigurationPlatforms) = postSolution
		{5620D78E-34ED-48AE-B760-E0EAA945AF0D}.Debug|Any CPU.ActiveCfg = Debug|Any CPU
		{5620D78E-34ED-48AE-B760-E0EAA945AF0D}.Debug|Any CPU.Build.0 = Debug|Any CPU
		{5620D78E-34ED-48AE-B760-E0EAA945AF0D}.Release|Any CPU.ActiveCfg = Release|Any CPU
		{5620D78E-34ED-48AE-B760-E0EAA945AF0D}.Release|Any CPU.Build.0 = Release|Any CPU
	EndGlobalSection
	GlobalSection(SolutionProperties) = preSolution
		HideSolutionNode = FALSE
	EndGlobalSection
	GlobalSection(ExtensibilityGlobals) = postSolution
		SolutionGuid = {F8B97AE4-CC16-4B2C-B5FE-42EF04775A30}
	EndGlobalSection
EndGlobal
