
Microsoft Visual Studio Solution File, Format Version 12.00
# Visual Studio Version 16
VisualStudioVersion = 16.0.31729.503
MinimumVisualStudioVersion = 10.0.40219.1
Project("{FAE04EC0-301F-11D3-BF4B-00C04F79EFBC}") = "MCVWithADO", "MCVWithADO\MCVWithADO.csproj", "{254998A0-CBA2-4CD1-A9A1-7E37395E04B2}"
EndProject
Global
	GlobalSection(SolutionConfigurationPlatforms) = preSolution
		Debug|Any CPU = Debug|Any CPU
		Release|Any CPU = Release|Any CPU
	EndGlobalSection
	GlobalSection(ProjectConfigurationPlatforms) = postSolution
		{254998A0-CBA2-4CD1-A9A1-7E37395E04B2}.Debug|Any CPU.ActiveCfg = Debug|Any CPU
		{254998A0-CBA2-4CD1-A9A1-7E37395E04B2}.Debug|Any CPU.Build.0 = Debug|Any CPU
		{254998A0-CBA2-4CD1-A9A1-7E37395E04B2}.Release|Any CPU.ActiveCfg = Release|Any CPU
		{254998A0-CBA2-4CD1-A9A1-7E37395E04B2}.Release|Any CPU.Build.0 = Release|Any CPU
	EndGlobalSection
	GlobalSection(SolutionProperties) = preSolution
		HideSolutionNode = FALSE
	EndGlobalSection
	GlobalSection(ExtensibilityGlobals) = postSolution
		SolutionGuid = {4CF9951B-4B42-4DF1-A159-E0C679D8F68B}
	EndGlobalSection
EndGlobal
