
Microsoft Visual Studio Solution File, Format Version 12.00
# Visual Studio Version 16
VisualStudioVersion = 16.0.31624.102
MinimumVisualStudioVersion = 10.0.40219.1
Project("{FAE04EC0-301F-11D3-BF4B-00C04F79EFBC}") = "InterfaceDemo", "InterfaceDemo\InterfaceDemo.csproj", "{5186EA5B-C44B-454C-B532-65BA42BB6241}"
EndProject
Global
	GlobalSection(SolutionConfigurationPlatforms) = preSolution
		Debug|Any CPU = Debug|Any CPU
		Release|Any CPU = Release|Any CPU
	EndGlobalSection
	GlobalSection(ProjectConfigurationPlatforms) = postSolution
		{5186EA5B-C44B-454C-B532-65BA42BB6241}.Debug|Any CPU.ActiveCfg = Debug|Any CPU
		{5186EA5B-C44B-454C-B532-65BA42BB6241}.Debug|Any CPU.Build.0 = Debug|Any CPU
		{5186EA5B-C44B-454C-B532-65BA42BB6241}.Release|Any CPU.ActiveCfg = Release|Any CPU
		{5186EA5B-C44B-454C-B532-65BA42BB6241}.Release|Any CPU.Build.0 = Release|Any CPU
	EndGlobalSection
	GlobalSection(SolutionProperties) = preSolution
		HideSolutionNode = FALSE
	EndGlobalSection
	GlobalSection(ExtensibilityGlobals) = postSolution
		SolutionGuid = {07AAADA1-A326-4E62-B7E9-269A719BC42D}
	EndGlobalSection
EndGlobal
