
Microsoft Visual Studio Solution File, Format Version 12.00
# Visual Studio Version 16
VisualStudioVersion = 16.0.31702.278
MinimumVisualStudioVersion = 10.0.40219.1
Project("{FAE04EC0-301F-11D3-BF4B-00C04F79EFBC}") = "AppDesignPatternFlyWeight", "AppDesignPatternFlyWeight\AppDesignPatternFlyWeight.csproj", "{07076E7D-887B-44E0-9774-7F01E8D2F066}"
EndProject
Global
	GlobalSection(SolutionConfigurationPlatforms) = preSolution
		Debug|Any CPU = Debug|Any CPU
		Release|Any CPU = Release|Any CPU
	EndGlobalSection
	GlobalSection(ProjectConfigurationPlatforms) = postSolution
		{07076E7D-887B-44E0-9774-7F01E8D2F066}.Debug|Any CPU.ActiveCfg = Debug|Any CPU
		{07076E7D-887B-44E0-9774-7F01E8D2F066}.Debug|Any CPU.Build.0 = Debug|Any CPU
		{07076E7D-887B-44E0-9774-7F01E8D2F066}.Release|Any CPU.ActiveCfg = Release|Any CPU
		{07076E7D-887B-44E0-9774-7F01E8D2F066}.Release|Any CPU.Build.0 = Release|Any CPU
	EndGlobalSection
	GlobalSection(SolutionProperties) = preSolution
		HideSolutionNode = FALSE
	EndGlobalSection
	GlobalSection(ExtensibilityGlobals) = postSolution
		SolutionGuid = {1CB35F3E-E849-4A65-9A26-4E685AE1425F}
	EndGlobalSection
EndGlobal
