
Microsoft Visual Studio Solution File, Format Version 12.00
# Visual Studio Version 16
VisualStudioVersion = 16.0.31624.102
MinimumVisualStudioVersion = 10.0.40219.1
Project("{FAE04EC0-301F-11D3-BF4B-00C04F79EFBC}") = "FirstApp", "FirstApp\FirstApp.csproj", "{AE008756-D90F-4CB1-AA25-92DE8FAF80E2}"
EndProject
Global
	GlobalSection(SolutionConfigurationPlatforms) = preSolution
		Debug|Any CPU = Debug|Any CPU
		Release|Any CPU = Release|Any CPU
	EndGlobalSection
	GlobalSection(ProjectConfigurationPlatforms) = postSolution
		{AE008756-D90F-4CB1-AA25-92DE8FAF80E2}.Debug|Any CPU.ActiveCfg = Debug|Any CPU
		{AE008756-D90F-4CB1-AA25-92DE8FAF80E2}.Debug|Any CPU.Build.0 = Debug|Any CPU
		{AE008756-D90F-4CB1-AA25-92DE8FAF80E2}.Release|Any CPU.ActiveCfg = Release|Any CPU
		{AE008756-D90F-4CB1-AA25-92DE8FAF80E2}.Release|Any CPU.Build.0 = Release|Any CPU
	EndGlobalSection
	GlobalSection(SolutionProperties) = preSolution
		HideSolutionNode = FALSE
	EndGlobalSection
	GlobalSection(ExtensibilityGlobals) = postSolution
		SolutionGuid = {5FCB5AC0-F193-4B9E-B55E-19F6F22D4D78}
	EndGlobalSection
EndGlobal
