
Microsoft Visual Studio Solution File, Format Version 12.00
# Visual Studio Version 16
VisualStudioVersion = 16.0.31729.503
MinimumVisualStudioVersion = 10.0.40219.1
Project("{FAE04EC0-301F-11D3-BF4B-00C04F79EFBC}") = "UserDBExcercise", "UserDBExcercise\UserDBExcercise.csproj", "{9586B3FF-E932-481D-8113-4AEC32873E2E}"
EndProject
Global
	GlobalSection(SolutionConfigurationPlatforms) = preSolution
		Debug|Any CPU = Debug|Any CPU
		Release|Any CPU = Release|Any CPU
	EndGlobalSection
	GlobalSection(ProjectConfigurationPlatforms) = postSolution
		{9586B3FF-E932-481D-8113-4AEC32873E2E}.Debug|Any CPU.ActiveCfg = Debug|Any CPU
		{9586B3FF-E932-481D-8113-4AEC32873E2E}.Debug|Any CPU.Build.0 = Debug|Any CPU
		{9586B3FF-E932-481D-8113-4AEC32873E2E}.Release|Any CPU.ActiveCfg = Release|Any CPU
		{9586B3FF-E932-481D-8113-4AEC32873E2E}.Release|Any CPU.Build.0 = Release|Any CPU
	EndGlobalSection
	GlobalSection(SolutionProperties) = preSolution
		HideSolutionNode = FALSE
	EndGlobalSection
	GlobalSection(ExtensibilityGlobals) = postSolution
		SolutionGuid = {3A1EC5F0-5D58-4EE1-B7A2-A65A862F3845}
	EndGlobalSection
EndGlobal
