
Microsoft Visual Studio Solution File, Format Version 12.00
# Visual Studio Version 16
VisualStudioVersion = 16.0.31702.278
MinimumVisualStudioVersion = 10.0.40219.1
Project("{FAE04EC0-301F-11D3-BF4B-00C04F79EFBC}") = "AppDesignPatternIterator", "AppDesignPatternIterator\AppDesignPatternIterator.csproj", "{0A32949D-5D36-4EDB-853C-11103EE0862B}"
EndProject
Global
	GlobalSection(SolutionConfigurationPlatforms) = preSolution
		Debug|Any CPU = Debug|Any CPU
		Release|Any CPU = Release|Any CPU
	EndGlobalSection
	GlobalSection(ProjectConfigurationPlatforms) = postSolution
		{0A32949D-5D36-4EDB-853C-11103EE0862B}.Debug|Any CPU.ActiveCfg = Debug|Any CPU
		{0A32949D-5D36-4EDB-853C-11103EE0862B}.Debug|Any CPU.Build.0 = Debug|Any CPU
		{0A32949D-5D36-4EDB-853C-11103EE0862B}.Release|Any CPU.ActiveCfg = Release|Any CPU
		{0A32949D-5D36-4EDB-853C-11103EE0862B}.Release|Any CPU.Build.0 = Release|Any CPU
	EndGlobalSection
	GlobalSection(SolutionProperties) = preSolution
		HideSolutionNode = FALSE
	EndGlobalSection
	GlobalSection(ExtensibilityGlobals) = postSolution
		SolutionGuid = {C9418E2C-58B9-40DF-9D6B-7BA014DDAD53}
	EndGlobalSection
EndGlobal
